{
  "requires": true,
  "lockfileVersion": 1,
  "dependencies": {
    "knacss": {
      "version": "7.1.3",
      "resolved": "https://registry.npmjs.org/knacss/-/knacss-7.1.3.tgz",
      "integrity": "sha512-n7PZYmLzyO7CGnOEeMaijXlMqrVpwa7gt30IzSzTSPIponf2r9aoyrp3/tutDeMAHXRc29p9NEnX3qVDKsbQdQ=="
    }
  }
}
